
Microsoft Visual Studio Solution File, Format Version 12.00
# Visual Studio Version 16
VisualStudioVersion = 16.0.30711.63
MinimumVisualStudioVersion = 10.0.40219.1
Project("{FAE04EC0-301F-11D3-BF4B-00C04F79EFBC}") = "GlobalTest", "GlobalTest\GlobalTest.csproj", "{BDE61C90-5D87-4662-AB10-D3F57F898D17}"
EndProject
Global
	GlobalSection(SolutionConfigurationPlatforms) = preSolution
		Debug|Any CPU = Debug|Any CPU
		Release|Any CPU = Release|Any CPU
	EndGlobalSection
	GlobalSection(ProjectConfigurationPlatforms) = postSolution
		{BDE61C90-5D87-4662-AB10-D3F57F898D17}.Debug|Any CPU.ActiveCfg = Debug|Any CPU
		{BDE61C90-5D87-4662-AB10-D3F57F898D17}.Debug|Any CPU.Build.0 = Debug|Any CPU
		{BDE61C90-5D87-4662-AB10-D3F57F898D17}.Release|Any CPU.ActiveCfg = Release|Any CPU
		{BDE61C90-5D87-4662-AB10-D3F57F898D17}.Release|Any CPU.Build.0 = Release|Any CPU
	EndGlobalSection
	GlobalSection(SolutionProperties) = preSolution
		HideSolutionNode = FALSE
	EndGlobalSection
	GlobalSection(ExtensibilityGlobals) = postSolution
		SolutionGuid = {6B1759EB-40CC-43BC-BE99-767BCEB4A021}
	EndGlobalSection
EndGlobal
